// !$*UTF8*$!
{
	archiveVersion = 1;
	classes = {
	};
	objectVersion = 50;
	objects = {

/* Begin PBXBuildFile section */
		DB6C8F1B26FA079000652B0B /* AppDelegate.swift in Sources */ = {isa = PBXBuildFile; fileRef = DB6C8F1A26FA079000652B0B /* AppDelegate.swift */; };
		DB6C8F2226FA079000652B0B /* Main.storyboard in Resources */ = {isa = PBXBuildFile; fileRef = DB6C8F2026FA079000652B0B /* Main.storyboard */; };
		DB6C8F2426FA079100652B0B /* Assets.xcassets in Resources */ = {isa = PBXBuildFile; fileRef = DB6C8F2326FA079100652B0B /* Assets.xcassets */; };
		DB6C8F2726FA079100652B0B /* LaunchScreen.storyboard in Resources */ = {isa = PBXBuildFile; fileRef = DB6C8F2526FA079100652B0B /* LaunchScreen.storyboard */; };
		DB6C8F2F26FA07DF00652B0B /* SenderVC.swift in Sources */ = {isa = PBXBuildFile; fileRef = DB6C8F2E26FA07DF00652B0B /* SenderVC.swift */; };
		DB6C8F3126FA07F900652B0B /* ReceiverVC.swift in Sources */ = {isa = PBXBuildFile; fileRef = DB6C8F3026FA07F900652B0B /* ReceiverVC.swift */; };
		DB6C8F3326FA08F400652B0B /* MyProtocolDelegate.swift in Sources */ = {isa = PBXBuildFile; fileRef = DB6C8F3226FA08F400652B0B /* MyProtocolDelegate.swift */; };
/* End PBXBuildFile section */

/* Begin PBXFileReference section */
		DB6C8F1726FA079000652B0B /* ProtocolDelegate.app */ = {isa = PBXFileReference; explicitFileType = wrapper.application; includeInIndex = 0; path = ProtocolDelegate.app; sourceTree = BUILT_PRODUCTS_DIR; };
		DB6C8F1A26FA079000652B0B /* AppDelegate.swift */ = {isa = PBXFileReference; lastKnownFileType = sourcecode.swift; path = AppDelegate.swift; sourceTree = "<group>"; };
		DB6C8F2126FA079000652B0B /* Base */ = {isa = PBXFileReference; lastKnownFileType = file.storyboard; name = Base; path = Base.lproj/Main.storyboard; sourceTree = "<group>"; };
		DB6C8F2326FA079100652B0B /* Assets.xcassets */ = {isa = PBXFileReference; lastKnownFileType = folder.assetcatalog; path = Assets.xcassets; sourceTree = "<group>"; };
		DB6C8F2626FA079100652B0B /* Base */ = {isa = PBXFileReference; lastKnownFileType = file.storyboard; name = Base; path = Base.lproj/LaunchScreen.storyboard; sourceTree = "<group>"; };
		DB6C8F2826FA079100652B0B /* Info.plist */ = {isa = PBXFileReference; lastKnownFileType = text.plist.xml; path = Info.plist; sourceTree = "<group>"; };
		DB6C8F2E26FA07DF00652B0B /* SenderVC.swift */ = {isa = PBXFileReference; lastKnownFileType = sourcecode.swift; path = SenderVC.swift; sourceTree = "<group>"; };
		DB6C8F3026FA07F900652B0B /* ReceiverVC.swift */ = {isa = PBXFileReference; lastKnownFileType = sourcecode.swift; path = ReceiverVC.swift; sourceTree = "<group>"; };
		DB6C8F3226FA08F400652B0B /* MyProtocolDelegate.swift */ = {isa = PBXFileReference; lastKnownFileType = sourcecode.swift; path = MyProtocolDelegate.swift; sourceTree = "<group>"; };
/* End PBXFileReference section */

/* Begin PBXFrameworksBuildPhase section */
		DB6C8F1426FA079000652B0B /* Frameworks */ = {
			isa = PBXFrameworksBuildPhase;
			buildActionMask = 2147483647;
			files = (
			);
			runOnlyForDeploymentPostprocessing = 0;
		};
/* End PBXFrameworksBuildPhase section */

/* Begin PBXGroup section */
		DB6C8F0E26FA079000652B0B = {
			isa = PBXGroup;
			children = (
				DB6C8F1926FA079000652B0B /* ProtocolDelegate */,
				DB6C8F1826FA079000652B0B /* Products */,
			);
			sourceTree = "<group>";
		};
		DB6C8F1826FA079000652B0B /* Products */ = {
			isa = PBXGroup;
			children = (
				DB6C8F1726FA079000652B0B /* ProtocolDelegate.app */,
			);
			name = Products;
			sourceTree = "<group>";
		};
		DB6C8F1926FA079000652B0B /* ProtocolDelegate */ = {
			isa = PBXGroup;
			children = (
				DB6C8F1A26FA079000652B0B /* AppDelegate.swift */,
				DB6C8F2026FA079000652B0B /* Main.storyboard */,
				DB6C8F2326FA079100652B0B /* Assets.xcassets */,
				DB6C8F2526FA079100652B0B /* LaunchScreen.storyboard */,
				DB6C8F2826FA079100652B0B /* Info.plist */,
				DB6C8F2E26FA07DF00652B0B /* SenderVC.swift */,
				DB6C8F3026FA07F900652B0B /* ReceiverVC.swift */,
				DB6C8F3226FA08F400652B0B /* MyProtocolDelegate.swift */,
			);
			path = ProtocolDelegate;
			sourceTree = "<group>";
		};
/* End PBXGroup section */

/* Begin PBXNativeTarget section */
		DB6C8F1626FA079000652B0B /* ProtocolDelegate */ = {
			isa = PBXNativeTarget;
			buildConfigurationList = DB6C8F2B26FA079100652B0B /* Build configuration list for PBXNativeTarget "ProtocolDelegate" */;
			buildPhases = (
				DB6C8F1326FA079000652B0B /* Sources */,
				DB6C8F1426FA079000652B0B /* Frameworks */,
				DB6C8F1526FA079000652B0B /* Resources */,
			);
			buildRules = (
			);
			dependencies = (
			);
			name = ProtocolDelegate;
			productName = ProtocolDelegate;
			productReference = DB6C8F1726FA079000652B0B /* ProtocolDelegate.app */;
			productType = "com.apple.product-type.application";
		};
/* End PBXNativeTarget section */

/* Begin PBXProject section */
		DB6C8F0F26FA079000652B0B /* Project object */ = {
			isa = PBXProject;
			attributes = {
				LastSwiftUpdateCheck = 1250;
				LastUpgradeCheck = 1250;
				TargetAttributes = {
					DB6C8F1626FA079000652B0B = {
						CreatedOnToolsVersion = 12.5.1;
					};
				};
			};
			buildConfigurationList = DB6C8F1226FA079000652B0B /* Build configuration list for PBXProject "ProtocolDelegate" */;
			compatibilityVersion = "Xcode 9.3";
			developmentRegion = en;
			hasScannedForEncodings = 0;
			knownRegions = (
				en,
				Base,
			);
			mainGroup = DB6C8F0E26FA079000652B0B;
			productRefGroup = DB6C8F1826FA079000652B0B /* Products */;
			projectDirPath = "";
			projectRoot = "";
			targets = (
				DB6C8F1626FA079000652B0B /* ProtocolDelegate */,
			);
		};
/* End PBXProject section */

/* Begin PBXResourcesBuildPhase section */
		DB6C8F1526FA079000652B0B /* Resources */ = {
			isa = PBXResourcesBuildPhase;
			buildActionMask = 2147483647;
			files = (
				DB6C8F2726FA079100652B0B /* LaunchScreen.storyboard in Resources */,
				DB6C8F2426FA079100652B0B /* Assets.xcassets in Resources */,
				DB6C8F2226FA079000652B0B /* Main.storyboard in Resources */,
			);
			runOnlyForDeploymentPostprocessing = 0;
		};
/* End PBXResourcesBuildPhase section */

/* Begin PBXSourcesBuildPhase section */
		DB6C8F1326FA079000652B0B /* Sources */ = {
			isa = PBXSourcesBuildPhase;
			buildActionMask = 2147483647;
			files = (
				DB6C8F1B26FA079000652B0B /* AppDelegate.swift in Sources */,
				DB6C8F3126FA07F900652B0B /* ReceiverVC.swift in Sources */,
				DB6C8F2F26FA07DF00652B0B /* SenderVC.swift in Sources */,
				DB6C8F3326FA08F400652B0B /* MyProtocolDelegate.swift in Sources */,
			);
			runOnlyForDeploymentPostprocessing = 0;
		};
/* End PBXSourcesBuildPhase section */

/* Begin PBXVariantGroup section */
		DB6C8F2026FA079000652B0B /* Main.storyboard */ = {
			isa = PBXVariantGroup;
			children = (
				DB6C8F2126FA079000652B0B /* Base */,
			);
			name = Main.storyboard;
			sourceTree = "<group>";
		};
		DB6C8F2526FA079100652B0B /* LaunchScreen.storyboard */ = {
			isa = PBXVariantGroup;
			children = (
				DB6C8F2626FA079100652B0B /* Base */,
			);
			name = LaunchScreen.storyboard;
			sourceTree = "<group>";
		};
/* End PBXVariantGroup section */

/* Begin XCBuildConfiguration section */
		DB6C8F2926FA079100652B0B /* Debug */ = {
			isa = XCBuildConfiguration;
			buildSettings = {
				ALWAYS_SEARCH_USER_PATHS = NO;
				CLANG_ANALYZER_NONNULL = YES;
				CLANG_ANALYZER_NUMBER_OBJECT_CONVERSION = YES_AGGRESSIVE;
				CLANG_CXX_LANGUAGE_STANDARD = "gnu++14";
				CLANG_CXX_LIBRARY = "libc++";
				CLANG_ENABLE_MODULES = YES;
				CLANG_ENABLE_OBJC_ARC = YES;
				CLANG_ENABLE_OBJC_WEAK = YES;
				CLANG_WARN_BLOCK_CAPTURE_AUTORELEASING = YES;
				CLANG_WARN_BOOL_CONVERSION = YES;
				CLANG_WARN_COMMA = YES;
				CLANG_WARN_CONSTANT_CONVERSION = YES;
				CLANG_WARN_DEPRECATED_OBJC_IMPLEMENTATIONS = YES;
				CLANG_WARN_DIRECT_OBJC_ISA_USAGE = YES_ERROR;
				CLANG_WARN_DOCUMENTATION_COMMENTS = YES;
				CLANG_WARN_EMPTY_BODY = YES;
				CLANG_WARN_ENUM_CONVERSION = YES;
				CLANG_WARN_INFINITE_RECURSION = YES;
				CLANG_WARN_INT_CONVERSION = YES;
				CLANG_WARN_NON_LITERAL_NULL_CONVERSION = YES;
				CLANG_WARN_OBJC_IMPLICIT_RETAIN_SELF = YES;
				CLANG_WARN_OBJC_LITERAL_CONVERSION = YES;
				CLANG_WARN_OBJC_ROOT_CLASS = YES_ERROR;
				CLANG_WARN_QUOTED_INCLUDE_IN_FRAMEWORK_HEADER = YES;
				CLANG_WARN_RANGE_LOOP_ANALYSIS = YES;
				CLANG_WARN_STRICT_PROTOTYPES = YES;
				CLANG_WARN_SUSPICIOUS_MOVE = YES;
				CLANG_WARN_UNGUARDED_AVAILABILITY = YES_AGGRESSIVE;
				CLANG_WARN_UNREACHABLE_CODE = YES;
				CLANG_WARN__DUPLICATE_METHOD_MATCH = YES;
				COPY_PHASE_STRIP = NO;
				DEBUG_INFORMATION_FORMAT = dwarf;
				ENABLE_STRICT_OBJC_MSGSEND = YES;
				ENABLE_TESTABILITY = YES;
				GCC_C_LANGUAGE_STANDARD = gnu11;
				GCC_DYNAMIC_NO_PIC = NO;
				GCC_NO_COMMON_BLOCKS = YES;
				GCC_OPTIMIZATION_LEVEL = 0;
				GCC_PREPROCESSOR_DEFINITIONS = (
					"DEBUG=1",
					"$(inherited)",
				);
				GCC_WARN_64_TO_32_BIT_CONVERSION = YES;
				GCC_WARN_ABOUT_RETURN_TYPE = YES_ERROR;
				GCC_WARN_UNDECLARED_SELECTOR = YES;
				GCC_WARN_UNINITIALIZED_AUTOS = YES_AGGRESSIVE;
				GCC_WARN_UNUSED_FUNCTION = YES;
				GCC_WARN_UNUSED_VARIABLE = YES;
				IPHONEOS_DEPLOYMENT_TARGET = 14.5;
				MTL_ENABLE_DEBUG_INFO = INCLUDE_SOURCE;
				MTL_FAST_MATH = YES;
				ONLY_ACTIVE_ARCH = YES;
				SDKROOT = iphoneos;
				SWIFT_ACTIVE_COMPILATION_CONDITIONS = DEBUG;
				SWIFT_OPTIMIZATION_LEVEL = "-Onone";
			};
			name = Debug;
		};
		DB6C8F2A26FA079100652B0B /* Release */ = {
			isa = XCBuildConfiguration;
			buildSettings = {
				ALWAYS_SEARCH_USER_PATHS = NO;
				CLANG_ANALYZER_NONNULL = YES;
				CLANG_ANALYZER_NUMBER_OBJECT_CONVERSION = YES_AGGRESSIVE;
				CLANG_CXX_LANGUAGE_STANDARD = "gnu++14";
				CLANG_CXX_LIBRARY = "libc++";
				CLANG_ENABLE_MODULES = YES;
				CLANG_ENABLE_OBJC_ARC = YES;
				CLANG_ENABLE_OBJC_WEAK = YES;
				CLANG_WARN_BLOCK_CAPTURE_AUTORELEASING = YES;
				CLANG_WARN_BOOL_CONVERSION = YES;
				CLANG_WARN_COMMA = YES;
				CLANG_WARN_CONSTANT_CONVERSION = YES;
				CLANG_WARN_DEPRECATED_OBJC_IMPLEMENTATIONS = YES;
				CLANG_WARN_DIRECT_OBJC_ISA_USAGE = YES_ERROR;
				CLANG_WARN_DOCUMENTATION_COMMENTS = YES;
				CLANG_WARN_EMPTY_BODY = YES;
				CLANG_WARN_ENUM_CONVERSION = YES;
				CLANG_WARN_INFINITE_RECURSION = YES;
				CLANG_WARN_INT_CONVERSION = YES;
				CLANG_WARN_NON_LITERAL_NULL_CONVERSION = YES;
				CLANG_WARN_OBJC_IMPLICIT_RETAIN_SELF = YES;
				CLANG_WARN_OBJC_LITERAL_CONVERSION = YES;
				CLANG_WARN_OBJC_ROOT_CLASS = YES_ERROR;
				CLANG_WARN_QUOTED_INCLUDE_IN_FRAMEWORK_HEADER = YES;
				CLANG_WARN_RANGE_LOOP_ANALYSIS = YES;
				CLANG_WARN_STRICT_PROTOTYPES = YES;
				CLANG_WARN_SUSPICIOUS_MOVE = YES;
				CLANG_WARN_UNGUARDED_AVAILABILITY = YES_AGGRESSIVE;
				CLANG_WARN_UNREACHABLE_CODE = YES;
				CLANG_WARN__DUPLICATE_METHOD_MATCH = YES;
				COPY_PHASE_STRIP = NO;
				DEBUG_INFORMATION_FORMAT = "dwarf-with-dsym";
				ENABLE_NS_ASSERTIONS = NO;
				ENABLE_STRICT_OBJC_MSGSEND = YES;
				GCC_C_LANGUAGE_STANDARD = gnu11;
				GCC_NO_COMMON_BLOCKS = YES;
				GCC_WARN_64_TO_32_BIT_CONVERSION = YES;
				GCC_WARN_ABOUT_RETURN_TYPE = YES_ERROR;
				GCC_WARN_UNDECLARED_SELECTOR = YES;
				GCC_WARN_UNINITIALIZED_AUTOS = YES_AGGRESSIVE;
				GCC_WARN_UNUSED_FUNCTION = YES;
				GCC_WARN_UNUSED_VARIABLE = YES;
				IPHONEOS_DEPLOYMENT_TARGET = 14.5;
				MTL_ENABLE_DEBUG_INFO = NO;
				MTL_FAST_MATH = YES;
				SDKROOT = iphoneos;
				SWIFT_COMPILATION_MODE = wholemodule;
				SWIFT_OPTIMIZATION_LEVEL = "-O";
				VALIDATE_PRODUCT = YES;
			};
			name = Release;
		};
		DB6C8F2C26FA079100652B0B /* Debug */ = {
			isa = XCBuildConfiguration;
			buildSettings = {
				ASSETCATALOG_COMPILER_APPICON_NAME = AppIcon;
				ASSETCATALOG_COMPILER_GLOBAL_ACCENT_COLOR_NAME = AccentColor;
				CODE_SIGN_STYLE = Automatic;
				DEVELOPMENT_TEAM = 38R282VT77;
				INFOPLIST_FILE = ProtocolDelegate/Info.plist;
				LD_RUNPATH_SEARCH_PATHS = (
					"$(inherited)",
					"@executable_path/Frameworks",
				);
				PRODUCT_BUNDLE_IDENTIFIER = com.VNProgrammer.ProtocolDelegate;
				PRODUCT_NAME = "$(TARGET_NAME)";
				SWIFT_VERSION = 5.0;
				TARGETED_DEVICE_FAMILY = "1,2";
			};
			name = Debug;
		};
		DB6C8F2D26FA079100652B0B /* Release */ = {
			isa = XCBuildConfiguration;
			buildSettings = {
				ASSETCATALOG_COMPILER_APPICON_NAME = AppIcon;
				ASSETCATALOG_COMPILER_GLOBAL_ACCENT_COLOR_NAME = AccentColor;
				CODE_SIGN_STYLE = Automatic;
				DEVELOPMENT_TEAM = 38R282VT77;
				INFOPLIST_FILE = ProtocolDelegate/Info.plist;
				LD_RUNPATH_SEARCH_PATHS = (
					"$(inherited)",
					"@executable_path/Frameworks",
				);
				PRODUCT_BUNDLE_IDENTIFIER = com.VNProgrammer.ProtocolDelegate;
				PRODUCT_NAME = "$(TARGET_NAME)";
				SWIFT_VERSION = 5.0;
				TARGETED_DEVICE_FAMILY = "1,2";
			};
			name = Release;
		};
/* End XCBuildConfiguration section */

/* Begin XCConfigurationList section */
		DB6C8F1226FA079000652B0B /* Build configuration list for PBXProject "ProtocolDelegate" */ = {
			isa = XCConfigurationList;
			buildConfigurations = (
				DB6C8F2926FA079100652B0B /* Debug */,
				DB6C8F2A26FA079100652B0B /* Release */,
			);
			defaultConfigurationIsVisible = 0;
			defaultConfigurationName = Release;
		};
		DB6C8F2B26FA079100652B0B /* Build configuration list for PBXNativeTarget "ProtocolDelegate" */ = {
			isa = XCConfigurationList;
			buildConfigurations = (
				DB6C8F2C26FA079100652B0B /* Debug */,
				DB6C8F2D26FA079100652B0B /* Release */,
			);
			defaultConfigurationIsVisible = 0;
			defaultConfigurationName = Release;
		};
/* End XCConfigurationList section */
	};
	rootObject = DB6C8F0F26FA079000652B0B /* Project object */;
}
