// !$*UTF8*$!
{
	archiveVersion = 1;
	classes = {
	};
	objectVersion = 50;
	objects = {

/* Begin PBXBuildFile section */
		DB7C890E26F0AA42001E67C5 /* NetworkAppApp.swift in Sources */ = {isa = PBXBuildFile; fileRef = DB7C890D26F0AA42001E67C5 /* NetworkAppApp.swift */; };
		DB7C891026F0AA42001E67C5 /* ContentView.swift in Sources */ = {isa = PBXBuildFile; fileRef = DB7C890F26F0AA42001E67C5 /* ContentView.swift */; };
		DB7C891226F0AA44001E67C5 /* Assets.xcassets in Resources */ = {isa = PBXBuildFile; fileRef = DB7C891126F0AA44001E67C5 /* Assets.xcassets */; };
		DB7C891526F0AA44001E67C5 /* Preview Assets.xcassets in Resources */ = {isa = PBXBuildFile; fileRef = DB7C891426F0AA44001E67C5 /* Preview Assets.xcassets */; };
		DB7C892026F0AA45001E67C5 /* NetworkAppTests.swift in Sources */ = {isa = PBXBuildFile; fileRef = DB7C891F26F0AA45001E67C5 /* NetworkAppTests.swift */; };
		DB7C892B26F0AA45001E67C5 /* NetworkAppUITests.swift in Sources */ = {isa = PBXBuildFile; fileRef = DB7C892A26F0AA45001E67C5 /* NetworkAppUITests.swift */; };
/* End PBXBuildFile section */

/* Begin PBXContainerItemProxy section */
		DB7C891C26F0AA45001E67C5 /* PBXContainerItemProxy */ = {
			isa = PBXContainerItemProxy;
			containerPortal = DB7C890226F0AA42001E67C5 /* Project object */;
			proxyType = 1;
			remoteGlobalIDString = DB7C890926F0AA42001E67C5;
			remoteInfo = NetworkApp;
		};
		DB7C892726F0AA45001E67C5 /* PBXContainerItemProxy */ = {
			isa = PBXContainerItemProxy;
			containerPortal = DB7C890226F0AA42001E67C5 /* Project object */;
			proxyType = 1;
			remoteGlobalIDString = DB7C890926F0AA42001E67C5;
			remoteInfo = NetworkApp;
		};
/* End PBXContainerItemProxy section */

/* Begin PBXFileReference section */
		DB7C890A26F0AA42001E67C5 /* NetworkApp.app */ = {isa = PBXFileReference; explicitFileType = wrapper.application; includeInIndex = 0; path = NetworkApp.app; sourceTree = BUILT_PRODUCTS_DIR; };
		DB7C890D26F0AA42001E67C5 /* NetworkAppApp.swift */ = {isa = PBXFileReference; lastKnownFileType = sourcecode.swift; path = NetworkAppApp.swift; sourceTree = "<group>"; };
		DB7C890F26F0AA42001E67C5 /* ContentView.swift */ = {isa = PBXFileReference; lastKnownFileType = sourcecode.swift; path = ContentView.swift; sourceTree = "<group>"; };
		DB7C891126F0AA44001E67C5 /* Assets.xcassets */ = {isa = PBXFileReference; lastKnownFileType = folder.assetcatalog; path = Assets.xcassets; sourceTree = "<group>"; };
		DB7C891426F0AA44001E67C5 /* Preview Assets.xcassets */ = {isa = PBXFileReference; lastKnownFileType = folder.assetcatalog; path = "Preview Assets.xcassets"; sourceTree = "<group>"; };
		DB7C891626F0AA44001E67C5 /* Info.plist */ = {isa = PBXFileReference; lastKnownFileType = text.plist.xml; path = Info.plist; sourceTree = "<group>"; };
		DB7C891B26F0AA45001E67C5 /* NetworkAppTests.xctest */ = {isa = PBXFileReference; explicitFileType = wrapper.cfbundle; includeInIndex = 0; path = NetworkAppTests.xctest; sourceTree = BUILT_PRODUCTS_DIR; };
		DB7C891F26F0AA45001E67C5 /* NetworkAppTests.swift */ = {isa = PBXFileReference; lastKnownFileType = sourcecode.swift; path = NetworkAppTests.swift; sourceTree = "<group>"; };
		DB7C892126F0AA45001E67C5 /* Info.plist */ = {isa = PBXFileReference; lastKnownFileType = text.plist.xml; path = Info.plist; sourceTree = "<group>"; };
		DB7C892626F0AA45001E67C5 /* NetworkAppUITests.xctest */ = {isa = PBXFileReference; explicitFileType = wrapper.cfbundle; includeInIndex = 0; path = NetworkAppUITests.xctest; sourceTree = BUILT_PRODUCTS_DIR; };
		DB7C892A26F0AA45001E67C5 /* NetworkAppUITests.swift */ = {isa = PBXFileReference; lastKnownFileType = sourcecode.swift; path = NetworkAppUITests.swift; sourceTree = "<group>"; };
		DB7C892C26F0AA45001E67C5 /* Info.plist */ = {isa = PBXFileReference; lastKnownFileType = text.plist.xml; path = Info.plist; sourceTree = "<group>"; };
/* End PBXFileReference section */

/* Begin PBXFrameworksBuildPhase section */
		DB7C890726F0AA42001E67C5 /* Frameworks */ = {
			isa = PBXFrameworksBuildPhase;
			buildActionMask = 2147483647;
			files = (
			);
			runOnlyForDeploymentPostprocessing = 0;
		};
		DB7C891826F0AA45001E67C5 /* Frameworks */ = {
			isa = PBXFrameworksBuildPhase;
			buildActionMask = 2147483647;
			files = (
			);
			runOnlyForDeploymentPostprocessing = 0;
		};
		DB7C892326F0AA45001E67C5 /* Frameworks */ = {
			isa = PBXFrameworksBuildPhase;
			buildActionMask = 2147483647;
			files = (
			);
			runOnlyForDeploymentPostprocessing = 0;
		};
/* End PBXFrameworksBuildPhase section */

/* Begin PBXGroup section */
		DB7C890126F0AA42001E67C5 = {
			isa = PBXGroup;
			children = (
				DB7C890C26F0AA42001E67C5 /* NetworkApp */,
				DB7C891E26F0AA45001E67C5 /* NetworkAppTests */,
				DB7C892926F0AA45001E67C5 /* NetworkAppUITests */,
				DB7C890B26F0AA42001E67C5 /* Products */,
			);
			sourceTree = "<group>";
		};
		DB7C890B26F0AA42001E67C5 /* Products */ = {
			isa = PBXGroup;
			children = (
				DB7C890A26F0AA42001E67C5 /* NetworkApp.app */,
				DB7C891B26F0AA45001E67C5 /* NetworkAppTests.xctest */,
				DB7C892626F0AA45001E67C5 /* NetworkAppUITests.xctest */,
			);
			name = Products;
			sourceTree = "<group>";
		};
		DB7C890C26F0AA42001E67C5 /* NetworkApp */ = {
			isa = PBXGroup;
			children = (
				DB7C890D26F0AA42001E67C5 /* NetworkAppApp.swift */,
				DB7C890F26F0AA42001E67C5 /* ContentView.swift */,
				DB7C891126F0AA44001E67C5 /* Assets.xcassets */,
				DB7C891626F0AA44001E67C5 /* Info.plist */,
				DB7C891326F0AA44001E67C5 /* Preview Content */,
			);
			path = NetworkApp;
			sourceTree = "<group>";
		};
		DB7C891326F0AA44001E67C5 /* Preview Content */ = {
			isa = PBXGroup;
			children = (
				DB7C891426F0AA44001E67C5 /* Preview Assets.xcassets */,
			);
			path = "Preview Content";
			sourceTree = "<group>";
		};
		DB7C891E26F0AA45001E67C5 /* NetworkAppTests */ = {
			isa = PBXGroup;
			children = (
				DB7C891F26F0AA45001E67C5 /* NetworkAppTests.swift */,
				DB7C892126F0AA45001E67C5 /* Info.plist */,
			);
			path = NetworkAppTests;
			sourceTree = "<group>";
		};
		DB7C892926F0AA45001E67C5 /* NetworkAppUITests */ = {
			isa = PBXGroup;
			children = (
				DB7C892A26F0AA45001E67C5 /* NetworkAppUITests.swift */,
				DB7C892C26F0AA45001E67C5 /* Info.plist */,
			);
			path = NetworkAppUITests;
			sourceTree = "<group>";
		};
/* End PBXGroup section */

/* Begin PBXNativeTarget section */
		DB7C890926F0AA42001E67C5 /* NetworkApp */ = {
			isa = PBXNativeTarget;
			buildConfigurationList = DB7C892F26F0AA45001E67C5 /* Build configuration list for PBXNativeTarget "NetworkApp" */;
			buildPhases = (
				DB7C890626F0AA42001E67C5 /* Sources */,
				DB7C890726F0AA42001E67C5 /* Frameworks */,
				DB7C890826F0AA42001E67C5 /* Resources */,
			);
			buildRules = (
			);
			dependencies = (
			);
			name = NetworkApp;
			productName = NetworkApp;
			productReference = DB7C890A26F0AA42001E67C5 /* NetworkApp.app */;
			productType = "com.apple.product-type.application";
		};
		DB7C891A26F0AA45001E67C5 /* NetworkAppTests */ = {
			isa = PBXNativeTarget;
			buildConfigurationList = DB7C893226F0AA45001E67C5 /* Build configuration list for PBXNativeTarget "NetworkAppTests" */;
			buildPhases = (
				DB7C891726F0AA45001E67C5 /* Sources */,
				DB7C891826F0AA45001E67C5 /* Frameworks */,
				DB7C891926F0AA45001E67C5 /* Resources */,
			);
			buildRules = (
			);
			dependencies = (
				DB7C891D26F0AA45001E67C5 /* PBXTargetDependency */,
			);
			name = NetworkAppTests;
			productName = NetworkAppTests;
			productReference = DB7C891B26F0AA45001E67C5 /* NetworkAppTests.xctest */;
			productType = "com.apple.product-type.bundle.unit-test";
		};
		DB7C892526F0AA45001E67C5 /* NetworkAppUITests */ = {
			isa = PBXNativeTarget;
			buildConfigurationList = DB7C893526F0AA45001E67C5 /* Build configuration list for PBXNativeTarget "NetworkAppUITests" */;
			buildPhases = (
				DB7C892226F0AA45001E67C5 /* Sources */,
				DB7C892326F0AA45001E67C5 /* Frameworks */,
				DB7C892426F0AA45001E67C5 /* Resources */,
			);
			buildRules = (
			);
			dependencies = (
				DB7C892826F0AA45001E67C5 /* PBXTargetDependency */,
			);
			name = NetworkAppUITests;
			productName = NetworkAppUITests;
			productReference = DB7C892626F0AA45001E67C5 /* NetworkAppUITests.xctest */;
			productType = "com.apple.product-type.bundle.ui-testing";
		};
/* End PBXNativeTarget section */

/* Begin PBXProject section */
		DB7C890226F0AA42001E67C5 /* Project object */ = {
			isa = PBXProject;
			attributes = {
				LastSwiftUpdateCheck = 1250;
				LastUpgradeCheck = 1250;
				TargetAttributes = {
					DB7C890926F0AA42001E67C5 = {
						CreatedOnToolsVersion = 12.5.1;
					};
					DB7C891A26F0AA45001E67C5 = {
						CreatedOnToolsVersion = 12.5.1;
						TestTargetID = DB7C890926F0AA42001E67C5;
					};
					DB7C892526F0AA45001E67C5 = {
						CreatedOnToolsVersion = 12.5.1;
						TestTargetID = DB7C890926F0AA42001E67C5;
					};
				};
			};
			buildConfigurationList = DB7C890526F0AA42001E67C5 /* Build configuration list for PBXProject "NetworkApp" */;
			compatibilityVersion = "Xcode 9.3";
			developmentRegion = en;
			hasScannedForEncodings = 0;
			knownRegions = (
				en,
				Base,
			);
			mainGroup = DB7C890126F0AA42001E67C5;
			productRefGroup = DB7C890B26F0AA42001E67C5 /* Products */;
			projectDirPath = "";
			projectRoot = "";
			targets = (
				DB7C890926F0AA42001E67C5 /* NetworkApp */,
				DB7C891A26F0AA45001E67C5 /* NetworkAppTests */,
				DB7C892526F0AA45001E67C5 /* NetworkAppUITests */,
			);
		};
/* End PBXProject section */

/* Begin PBXResourcesBuildPhase section */
		DB7C890826F0AA42001E67C5 /* Resources */ = {
			isa = PBXResourcesBuildPhase;
			buildActionMask = 2147483647;
			files = (
				DB7C891526F0AA44001E67C5 /* Preview Assets.xcassets in Resources */,
				DB7C891226F0AA44001E67C5 /* Assets.xcassets in Resources */,
			);
			runOnlyForDeploymentPostprocessing = 0;
		};
		DB7C891926F0AA45001E67C5 /* Resources */ = {
			isa = PBXResourcesBuildPhase;
			buildActionMask = 2147483647;
			files = (
			);
			runOnlyForDeploymentPostprocessing = 0;
		};
		DB7C892426F0AA45001E67C5 /* Resources */ = {
			isa = PBXResourcesBuildPhase;
			buildActionMask = 2147483647;
			files = (
			);
			runOnlyForDeploymentPostprocessing = 0;
		};
/* End PBXResourcesBuildPhase section */

/* Begin PBXSourcesBuildPhase section */
		DB7C890626F0AA42001E67C5 /* Sources */ = {
			isa = PBXSourcesBuildPhase;
			buildActionMask = 2147483647;
			files = (
				DB7C891026F0AA42001E67C5 /* ContentView.swift in Sources */,
				DB7C890E26F0AA42001E67C5 /* NetworkAppApp.swift in Sources */,
			);
			runOnlyForDeploymentPostprocessing = 0;
		};
		DB7C891726F0AA45001E67C5 /* Sources */ = {
			isa = PBXSourcesBuildPhase;
			buildActionMask = 2147483647;
			files = (
				DB7C892026F0AA45001E67C5 /* NetworkAppTests.swift in Sources */,
			);
			runOnlyForDeploymentPostprocessing = 0;
		};
		DB7C892226F0AA45001E67C5 /* Sources */ = {
			isa = PBXSourcesBuildPhase;
			buildActionMask = 2147483647;
			files = (
				DB7C892B26F0AA45001E67C5 /* NetworkAppUITests.swift in Sources */,
			);
			runOnlyForDeploymentPostprocessing = 0;
		};
/* End PBXSourcesBuildPhase section */

/* Begin PBXTargetDependency section */
		DB7C891D26F0AA45001E67C5 /* PBXTargetDependency */ = {
			isa = PBXTargetDependency;
			target = DB7C890926F0AA42001E67C5 /* NetworkApp */;
			targetProxy = DB7C891C26F0AA45001E67C5 /* PBXContainerItemProxy */;
		};
		DB7C892826F0AA45001E67C5 /* PBXTargetDependency */ = {
			isa = PBXTargetDependency;
			target = DB7C890926F0AA42001E67C5 /* NetworkApp */;
			targetProxy = DB7C892726F0AA45001E67C5 /* PBXContainerItemProxy */;
		};
/* End PBXTargetDependency section */

/* Begin XCBuildConfiguration section */
		DB7C892D26F0AA45001E67C5 /* Debug */ = {
			isa = XCBuildConfiguration;
			buildSettings = {
				ALWAYS_SEARCH_USER_PATHS = NO;
				CLANG_ANALYZER_NONNULL = YES;
				CLANG_ANALYZER_NUMBER_OBJECT_CONVERSION = YES_AGGRESSIVE;
				CLANG_CXX_LANGUAGE_STANDARD = "gnu++14";
				CLANG_CXX_LIBRARY = "libc++";
				CLANG_ENABLE_MODULES = YES;
				CLANG_ENABLE_OBJC_ARC = YES;
				CLANG_ENABLE_OBJC_WEAK = YES;
				CLANG_WARN_BLOCK_CAPTURE_AUTORELEASING = YES;
				CLANG_WARN_BOOL_CONVERSION = YES;
				CLANG_WARN_COMMA = YES;
				CLANG_WARN_CONSTANT_CONVERSION = YES;
				CLANG_WARN_DEPRECATED_OBJC_IMPLEMENTATIONS = YES;
				CLANG_WARN_DIRECT_OBJC_ISA_USAGE = YES_ERROR;
				CLANG_WARN_DOCUMENTATION_COMMENTS = YES;
				CLANG_WARN_EMPTY_BODY = YES;
				CLANG_WARN_ENUM_CONVERSION = YES;
				CLANG_WARN_INFINITE_RECURSION = YES;
				CLANG_WARN_INT_CONVERSION = YES;
				CLANG_WARN_NON_LITERAL_NULL_CONVERSION = YES;
				CLANG_WARN_OBJC_IMPLICIT_RETAIN_SELF = YES;
				CLANG_WARN_OBJC_LITERAL_CONVERSION = YES;
				CLANG_WARN_OBJC_ROOT_CLASS = YES_ERROR;
				CLANG_WARN_QUOTED_INCLUDE_IN_FRAMEWORK_HEADER = YES;
				CLANG_WARN_RANGE_LOOP_ANALYSIS = YES;
				CLANG_WARN_STRICT_PROTOTYPES = YES;
				CLANG_WARN_SUSPICIOUS_MOVE = YES;
				CLANG_WARN_UNGUARDED_AVAILABILITY = YES_AGGRESSIVE;
				CLANG_WARN_UNREACHABLE_CODE = YES;
				CLANG_WARN__DUPLICATE_METHOD_MATCH = YES;
				COPY_PHASE_STRIP = NO;
				DEBUG_INFORMATION_FORMAT = dwarf;
				ENABLE_STRICT_OBJC_MSGSEND = YES;
				ENABLE_TESTABILITY = YES;
				GCC_C_LANGUAGE_STANDARD = gnu11;
				GCC_DYNAMIC_NO_PIC = NO;
				GCC_NO_COMMON_BLOCKS = YES;
				GCC_OPTIMIZATION_LEVEL = 0;
				GCC_PREPROCESSOR_DEFINITIONS = (
					"DEBUG=1",
					"$(inherited)",
				);
				GCC_WARN_64_TO_32_BIT_CONVERSION = YES;
				GCC_WARN_ABOUT_RETURN_TYPE = YES_ERROR;
				GCC_WARN_UNDECLARED_SELECTOR = YES;
				GCC_WARN_UNINITIALIZED_AUTOS = YES_AGGRESSIVE;
				GCC_WARN_UNUSED_FUNCTION = YES;
				GCC_WARN_UNUSED_VARIABLE = YES;
				IPHONEOS_DEPLOYMENT_TARGET = 14.5;
				MTL_ENABLE_DEBUG_INFO = INCLUDE_SOURCE;
				MTL_FAST_MATH = YES;
				ONLY_ACTIVE_ARCH = YES;
				SDKROOT = iphoneos;
				SWIFT_ACTIVE_COMPILATION_CONDITIONS = DEBUG;
				SWIFT_OPTIMIZATION_LEVEL = "-Onone";
			};
			name = Debug;
		};
		DB7C892E26F0AA45001E67C5 /* Release */ = {
			isa = XCBuildConfiguration;
			buildSettings = {
				ALWAYS_SEARCH_USER_PATHS = NO;
				CLANG_ANALYZER_NONNULL = YES;
				CLANG_ANALYZER_NUMBER_OBJECT_CONVERSION = YES_AGGRESSIVE;
				CLANG_CXX_LANGUAGE_STANDARD = "gnu++14";
				CLANG_CXX_LIBRARY = "libc++";
				CLANG_ENABLE_MODULES = YES;
				CLANG_ENABLE_OBJC_ARC = YES;
				CLANG_ENABLE_OBJC_WEAK = YES;
				CLANG_WARN_BLOCK_CAPTURE_AUTORELEASING = YES;
				CLANG_WARN_BOOL_CONVERSION = YES;
				CLANG_WARN_COMMA = YES;
				CLANG_WARN_CONSTANT_CONVERSION = YES;
				CLANG_WARN_DEPRECATED_OBJC_IMPLEMENTATIONS = YES;
				CLANG_WARN_DIRECT_OBJC_ISA_USAGE = YES_ERROR;
				CLANG_WARN_DOCUMENTATION_COMMENTS = YES;
				CLANG_WARN_EMPTY_BODY = YES;
				CLANG_WARN_ENUM_CONVERSION = YES;
				CLANG_WARN_INFINITE_RECURSION = YES;
				CLANG_WARN_INT_CONVERSION = YES;
				CLANG_WARN_NON_LITERAL_NULL_CONVERSION = YES;
				CLANG_WARN_OBJC_IMPLICIT_RETAIN_SELF = YES;
				CLANG_WARN_OBJC_LITERAL_CONVERSION = YES;
				CLANG_WARN_OBJC_ROOT_CLASS = YES_ERROR;
				CLANG_WARN_QUOTED_INCLUDE_IN_FRAMEWORK_HEADER = YES;
				CLANG_WARN_RANGE_LOOP_ANALYSIS = YES;
				CLANG_WARN_STRICT_PROTOTYPES = YES;
				CLANG_WARN_SUSPICIOUS_MOVE = YES;
				CLANG_WARN_UNGUARDED_AVAILABILITY = YES_AGGRESSIVE;
				CLANG_WARN_UNREACHABLE_CODE = YES;
				CLANG_WARN__DUPLICATE_METHOD_MATCH = YES;
				COPY_PHASE_STRIP = NO;
				DEBUG_INFORMATION_FORMAT = "dwarf-with-dsym";
				ENABLE_NS_ASSERTIONS = NO;
				ENABLE_STRICT_OBJC_MSGSEND = YES;
				GCC_C_LANGUAGE_STANDARD = gnu11;
				GCC_NO_COMMON_BLOCKS = YES;
				GCC_WARN_64_TO_32_BIT_CONVERSION = YES;
				GCC_WARN_ABOUT_RETURN_TYPE = YES_ERROR;
				GCC_WARN_UNDECLARED_SELECTOR = YES;
				GCC_WARN_UNINITIALIZED_AUTOS = YES_AGGRESSIVE;
				GCC_WARN_UNUSED_FUNCTION = YES;
				GCC_WARN_UNUSED_VARIABLE = YES;
				IPHONEOS_DEPLOYMENT_TARGET = 14.5;
				MTL_ENABLE_DEBUG_INFO = NO;
				MTL_FAST_MATH = YES;
				SDKROOT = iphoneos;
				SWIFT_COMPILATION_MODE = wholemodule;
				SWIFT_OPTIMIZATION_LEVEL = "-O";
				VALIDATE_PRODUCT = YES;
			};
			name = Release;
		};
		DB7C893026F0AA45001E67C5 /* Debug */ = {
			isa = XCBuildConfiguration;
			buildSettings = {
				ASSETCATALOG_COMPILER_APPICON_NAME = AppIcon;
				ASSETCATALOG_COMPILER_GLOBAL_ACCENT_COLOR_NAME = AccentColor;
				CODE_SIGN_STYLE = Automatic;
				DEVELOPMENT_ASSET_PATHS = "\"NetworkApp/Preview Content\"";
				DEVELOPMENT_TEAM = 38R282VT77;
				ENABLE_PREVIEWS = YES;
				INFOPLIST_FILE = NetworkApp/Info.plist;
				IPHONEOS_DEPLOYMENT_TARGET = 14.0;
				LD_RUNPATH_SEARCH_PATHS = (
					"$(inherited)",
					"@executable_path/Frameworks",
				);
				PRODUCT_BUNDLE_IDENTIFIER = com.VNProgrammer.NetworkApp;
				PRODUCT_NAME = "$(TARGET_NAME)";
				SWIFT_VERSION = 5.0;
				TARGETED_DEVICE_FAMILY = "1,2";
			};
			name = Debug;
		};
		DB7C893126F0AA45001E67C5 /* Release */ = {
			isa = XCBuildConfiguration;
			buildSettings = {
				ASSETCATALOG_COMPILER_APPICON_NAME = AppIcon;
				ASSETCATALOG_COMPILER_GLOBAL_ACCENT_COLOR_NAME = AccentColor;
				CODE_SIGN_STYLE = Automatic;
				DEVELOPMENT_ASSET_PATHS = "\"NetworkApp/Preview Content\"";
				DEVELOPMENT_TEAM = 38R282VT77;
				ENABLE_PREVIEWS = YES;
				INFOPLIST_FILE = NetworkApp/Info.plist;
				IPHONEOS_DEPLOYMENT_TARGET = 14.0;
				LD_RUNPATH_SEARCH_PATHS = (
					"$(inherited)",
					"@executable_path/Frameworks",
				);
				PRODUCT_BUNDLE_IDENTIFIER = com.VNProgrammer.NetworkApp;
				PRODUCT_NAME = "$(TARGET_NAME)";
				SWIFT_VERSION = 5.0;
				TARGETED_DEVICE_FAMILY = "1,2";
			};
			name = Release;
		};
		DB7C893326F0AA45001E67C5 /* Debug */ = {
			isa = XCBuildConfiguration;
			buildSettings = {
				ALWAYS_EMBED_SWIFT_STANDARD_LIBRARIES = YES;
				BUNDLE_LOADER = "$(TEST_HOST)";
				CODE_SIGN_STYLE = Automatic;
				DEVELOPMENT_TEAM = 38R282VT77;
				INFOPLIST_FILE = NetworkAppTests/Info.plist;
				IPHONEOS_DEPLOYMENT_TARGET = 14.0;
				LD_RUNPATH_SEARCH_PATHS = (
					"$(inherited)",
					"@executable_path/Frameworks",
					"@loader_path/Frameworks",
				);
				PRODUCT_BUNDLE_IDENTIFIER = com.VNProgrammer.NetworkAppTests;
				PRODUCT_NAME = "$(TARGET_NAME)";
				SWIFT_VERSION = 5.0;
				TARGETED_DEVICE_FAMILY = "1,2";
				TEST_HOST = "$(BUILT_PRODUCTS_DIR)/NetworkApp.app/NetworkApp";
			};
			name = Debug;
		};
		DB7C893426F0AA45001E67C5 /* Release */ = {
			isa = XCBuildConfiguration;
			buildSettings = {
				ALWAYS_EMBED_SWIFT_STANDARD_LIBRARIES = YES;
				BUNDLE_LOADER = "$(TEST_HOST)";
				CODE_SIGN_STYLE = Automatic;
				DEVELOPMENT_TEAM = 38R282VT77;
				INFOPLIST_FILE = NetworkAppTests/Info.plist;
				IPHONEOS_DEPLOYMENT_TARGET = 14.0;
				LD_RUNPATH_SEARCH_PATHS = (
					"$(inherited)",
					"@executable_path/Frameworks",
					"@loader_path/Frameworks",
				);
				PRODUCT_BUNDLE_IDENTIFIER = com.VNProgrammer.NetworkAppTests;
				PRODUCT_NAME = "$(TARGET_NAME)";
				SWIFT_VERSION = 5.0;
				TARGETED_DEVICE_FAMILY = "1,2";
				TEST_HOST = "$(BUILT_PRODUCTS_DIR)/NetworkApp.app/NetworkApp";
			};
			name = Release;
		};
		DB7C893626F0AA45001E67C5 /* Debug */ = {
			isa = XCBuildConfiguration;
			buildSettings = {
				ALWAYS_EMBED_SWIFT_STANDARD_LIBRARIES = YES;
				CODE_SIGN_STYLE = Automatic;
				DEVELOPMENT_TEAM = 38R282VT77;
				INFOPLIST_FILE = NetworkAppUITests/Info.plist;
				LD_RUNPATH_SEARCH_PATHS = (
					"$(inherited)",
					"@executable_path/Frameworks",
					"@loader_path/Frameworks",
				);
				PRODUCT_BUNDLE_IDENTIFIER = com.VNProgrammer.NetworkAppUITests;
				PRODUCT_NAME = "$(TARGET_NAME)";
				SWIFT_VERSION = 5.0;
				TARGETED_DEVICE_FAMILY = "1,2";
				TEST_TARGET_NAME = NetworkApp;
			};
			name = Debug;
		};
		DB7C893726F0AA45001E67C5 /* Release */ = {
			isa = XCBuildConfiguration;
			buildSettings = {
				ALWAYS_EMBED_SWIFT_STANDARD_LIBRARIES = YES;
				CODE_SIGN_STYLE = Automatic;
				DEVELOPMENT_TEAM = 38R282VT77;
				INFOPLIST_FILE = NetworkAppUITests/Info.plist;
				LD_RUNPATH_SEARCH_PATHS = (
					"$(inherited)",
					"@executable_path/Frameworks",
					"@loader_path/Frameworks",
				);
				PRODUCT_BUNDLE_IDENTIFIER = com.VNProgrammer.NetworkAppUITests;
				PRODUCT_NAME = "$(TARGET_NAME)";
				SWIFT_VERSION = 5.0;
				TARGETED_DEVICE_FAMILY = "1,2";
				TEST_TARGET_NAME = NetworkApp;
			};
			name = Release;
		};
/* End XCBuildConfiguration section */

/* Begin XCConfigurationList section */
		DB7C890526F0AA42001E67C5 /* Build configuration list for PBXProject "NetworkApp" */ = {
			isa = XCConfigurationList;
			buildConfigurations = (
				DB7C892D26F0AA45001E67C5 /* Debug */,
				DB7C892E26F0AA45001E67C5 /* Release */,
			);
			defaultConfigurationIsVisible = 0;
			defaultConfigurationName = Release;
		};
		DB7C892F26F0AA45001E67C5 /* Build configuration list for PBXNativeTarget "NetworkApp" */ = {
			isa = XCConfigurationList;
			buildConfigurations = (
				DB7C893026F0AA45001E67C5 /* Debug */,
				DB7C893126F0AA45001E67C5 /* Release */,
			);
			defaultConfigurationIsVisible = 0;
			defaultConfigurationName = Release;
		};
		DB7C893226F0AA45001E67C5 /* Build configuration list for PBXNativeTarget "NetworkAppTests" */ = {
			isa = XCConfigurationList;
			buildConfigurations = (
				DB7C893326F0AA45001E67C5 /* Debug */,
				DB7C893426F0AA45001E67C5 /* Release */,
			);
			defaultConfigurationIsVisible = 0;
			defaultConfigurationName = Release;
		};
		DB7C893526F0AA45001E67C5 /* Build configuration list for PBXNativeTarget "NetworkAppUITests" */ = {
			isa = XCConfigurationList;
			buildConfigurations = (
				DB7C893626F0AA45001E67C5 /* Debug */,
				DB7C893726F0AA45001E67C5 /* Release */,
			);
			defaultConfigurationIsVisible = 0;
			defaultConfigurationName = Release;
		};
/* End XCConfigurationList section */
	};
	rootObject = DB7C890226F0AA42001E67C5 /* Project object */;
}
